
Microsoft Visual Studio Solution File, Format Version 12.00
# Visual Studio Version 17
VisualStudioVersion = 17.0.31903.59
MinimumVisualStudioVersion = 10.0.40219.1
Project("{9A19103F-16F7-4668-BE54-9A1E7A4F7556}") = "Gmsh.Net", "src\GMsh.Net\Gmsh.Net.csproj", "{A77ECB50-1B89-49CA-93DC-B46A16BA7B1C}"
EndProject
Project("{9A19103F-16F7-4668-BE54-9A1E7A4F7556}") = "UnsafeEx", "src\UnsafeEx\UnsafeEx.csproj", "{E9577911-E341-43DB-895D-F5876F1F6767}"
EndProject
Project("{2150E333-8FDC-42A3-9474-1A3956D46DE8}") = "tutorials", "tutorials", "{3A01E0F9-15A4-4118-A9FC-C8DEFFF92B95}"
EndProject
Project("{9A19103F-16F7-4668-BE54-9A1E7A4F7556}") = "t1", "tutorials\csharp\t1\t1.csproj", "{5746C135-F333-4BF6-9699-335487DFA02D}"
EndProject
Project("{9A19103F-16F7-4668-BE54-9A1E7A4F7556}") = "t2", "tutorials\csharp\t2\t2.csproj", "{8DC692F0-5F18-42F6-B71A-E37117B722C1}"
EndProject
Project("{9A19103F-16F7-4668-BE54-9A1E7A4F7556}") = "t3", "tutorials\csharp\t3\t3.csproj", "{9F1717CD-2ACF-4988-ABB1-F1C7EFD55367}"
EndProject
Project("{9A19103F-16F7-4668-BE54-9A1E7A4F7556}") = "t4", "tutorials\csharp\t4\t4.csproj", "{CC031D22-2527-4941-82E5-F1426280A355}"
EndProject
Project("{9A19103F-16F7-4668-BE54-9A1E7A4F7556}") = "t5", "tutorials\csharp\t5\t5.csproj", "{C7CB397D-C973-454C-BD8E-E8C638D29855}"
EndProject
Project("{9A19103F-16F7-4668-BE54-9A1E7A4F7556}") = "t6", "tutorials\csharp\t6\t6.csproj", "{136C0571-A1F9-43DA-8768-25EF0FBE6F2A}"
EndProject
Project("{9A19103F-16F7-4668-BE54-9A1E7A4F7556}") = "t7", "tutorials\csharp\t7\t7.csproj", "{FE6DC6F0-3E35-47BC-B6DF-570648396AF9}"
EndProject
Project("{9A19103F-16F7-4668-BE54-9A1E7A4F7556}") = "t8", "tutorials\csharp\t8\t8.csproj", "{3A5AB273-05A0-4A0B-9F5C-97EC6D493DC3}"
EndProject
Project("{9A19103F-16F7-4668-BE54-9A1E7A4F7556}") = "t9", "tutorials\csharp\t9\t9.csproj", "{8B7802D2-643D-4ADC-996D-46710349C931}"
EndProject
Project("{9A19103F-16F7-4668-BE54-9A1E7A4F7556}") = "t10", "tutorials\csharp\t10\t10.csproj", "{4B8E59DD-94D6-4960-ACE7-9B2BA828E24D}"
EndProject
Project("{9A19103F-16F7-4668-BE54-9A1E7A4F7556}") = "t11", "tutorials\csharp\t11\t11.csproj", "{4B670612-484D-42CE-9592-DA13F7D86386}"
EndProject
Project("{9A19103F-16F7-4668-BE54-9A1E7A4F7556}") = "t12", "tutorials\csharp\t12\t12.csproj", "{84719E77-CEEE-4895-B03F-A15B4A9E4AB4}"
EndProject
Project("{9A19103F-16F7-4668-BE54-9A1E7A4F7556}") = "t13", "tutorials\csharp\t13\t13.csproj", "{70C055AC-2447-4C43-B239-83AE9210552E}"
EndProject
Project("{9A19103F-16F7-4668-BE54-9A1E7A4F7556}") = "t14", "tutorials\csharp\t14\t14.csproj", "{BF32A6E4-BC29-4357-9E2E-A4DCC8BC577F}"
EndProject
Project("{9A19103F-16F7-4668-BE54-9A1E7A4F7556}") = "t15", "tutorials\csharp\t15\t15.csproj", "{9FA715AB-99BC-4367-9421-2598C297FC09}"
EndProject
Project("{9A19103F-16F7-4668-BE54-9A1E7A4F7556}") = "t16", "tutorials\csharp\t16\t16.csproj", "{0CB92A45-2378-4526-85A6-B338F12C5DA2}"
EndProject
Project("{9A19103F-16F7-4668-BE54-9A1E7A4F7556}") = "t17", "tutorials\csharp\t17\t17.csproj", "{9B085103-B3AD-472A-8B95-BD5CB4985E32}"
EndProject
Project("{9A19103F-16F7-4668-BE54-9A1E7A4F7556}") = "t18", "tutorials\csharp\t18\t18.csproj", "{C6E03F3C-2113-4FED-A69F-58C1EE1D0394}"
EndProject
Project("{9A19103F-16F7-4668-BE54-9A1E7A4F7556}") = "x1", "tutorials\csharp\x1\x1.csproj", "{1B3699FB-8E75-4F22-B026-F11C154537BB}"
EndProject
Project("{9A19103F-16F7-4668-BE54-9A1E7A4F7556}") = "x2", "tutorials\csharp\x2\x2.csproj", "{8876FDD1-0D23-4921-969C-DB24B077C784}"
EndProject
Global
	GlobalSection(SolutionConfigurationPlatforms) = preSolution
		Debug|Any CPU = Debug|Any CPU
		Debug|x64 = Debug|x64
		Release|Any CPU = Release|Any CPU
		Release|x64 = Release|x64
	EndGlobalSection
	GlobalSection(ProjectConfigurationPlatforms) = postSolution
		{A77ECB50-1B89-49CA-93DC-B46A16BA7B1C}.Debug|Any CPU.ActiveCfg = Debug|Any CPU
		{A77ECB50-1B89-49CA-93DC-B46A16BA7B1C}.Debug|Any CPU.Build.0 = Debug|Any CPU
		{A77ECB50-1B89-49CA-93DC-B46A16BA7B1C}.Debug|x64.ActiveCfg = Debug|x64
		{A77ECB50-1B89-49CA-93DC-B46A16BA7B1C}.Debug|x64.Build.0 = Debug|x64
		{A77ECB50-1B89-49CA-93DC-B46A16BA7B1C}.Release|Any CPU.ActiveCfg = Release|Any CPU
		{A77ECB50-1B89-49CA-93DC-B46A16BA7B1C}.Release|Any CPU.Build.0 = Release|Any CPU
		{A77ECB50-1B89-49CA-93DC-B46A16BA7B1C}.Release|x64.ActiveCfg = Release|x64
		{A77ECB50-1B89-49CA-93DC-B46A16BA7B1C}.Release|x64.Build.0 = Release|x64
		{E9577911-E341-43DB-895D-F5876F1F6767}.Debug|Any CPU.ActiveCfg = Debug|Any CPU
		{E9577911-E341-43DB-895D-F5876F1F6767}.Debug|Any CPU.Build.0 = Debug|Any CPU
		{E9577911-E341-43DB-895D-F5876F1F6767}.Debug|x64.ActiveCfg = Debug|Any CPU
		{E9577911-E341-43DB-895D-F5876F1F6767}.Debug|x64.Build.0 = Debug|Any CPU
		{E9577911-E341-43DB-895D-F5876F1F6767}.Release|Any CPU.ActiveCfg = Release|Any CPU
		{E9577911-E341-43DB-895D-F5876F1F6767}.Release|Any CPU.Build.0 = Release|Any CPU
		{E9577911-E341-43DB-895D-F5876F1F6767}.Release|x64.ActiveCfg = Release|Any CPU
		{E9577911-E341-43DB-895D-F5876F1F6767}.Release|x64.Build.0 = Release|Any CPU
		{5746C135-F333-4BF6-9699-335487DFA02D}.Debug|Any CPU.ActiveCfg = Debug|Any CPU
		{5746C135-F333-4BF6-9699-335487DFA02D}.Debug|Any CPU.Build.0 = Debug|Any CPU
		{5746C135-F333-4BF6-9699-335487DFA02D}.Debug|x64.ActiveCfg = Debug|Any CPU
		{5746C135-F333-4BF6-9699-335487DFA02D}.Debug|x64.Build.0 = Debug|Any CPU
		{5746C135-F333-4BF6-9699-335487DFA02D}.Release|Any CPU.ActiveCfg = Release|Any CPU
		{5746C135-F333-4BF6-9699-335487DFA02D}.Release|Any CPU.Build.0 = Release|Any CPU
		{5746C135-F333-4BF6-9699-335487DFA02D}.Release|x64.ActiveCfg = Release|Any CPU
		{5746C135-F333-4BF6-9699-335487DFA02D}.Release|x64.Build.0 = Release|Any CPU
		{8DC692F0-5F18-42F6-B71A-E37117B722C1}.Debug|Any CPU.ActiveCfg = Debug|Any CPU
		{8DC692F0-5F18-42F6-B71A-E37117B722C1}.Debug|Any CPU.Build.0 = Debug|Any CPU
		{8DC692F0-5F18-42F6-B71A-E37117B722C1}.Debug|x64.ActiveCfg = Debug|Any CPU
		{8DC692F0-5F18-42F6-B71A-E37117B722C1}.Debug|x64.Build.0 = Debug|Any CPU
		{8DC692F0-5F18-42F6-B71A-E37117B722C1}.Release|Any CPU.ActiveCfg = Release|Any CPU
		{8DC692F0-5F18-42F6-B71A-E37117B722C1}.Release|Any CPU.Build.0 = Release|Any CPU
		{8DC692F0-5F18-42F6-B71A-E37117B722C1}.Release|x64.ActiveCfg = Release|Any CPU
		{8DC692F0-5F18-42F6-B71A-E37117B722C1}.Release|x64.Build.0 = Release|Any CPU
		{9F1717CD-2ACF-4988-ABB1-F1C7EFD55367}.Debug|Any CPU.ActiveCfg = Debug|Any CPU
		{9F1717CD-2ACF-4988-ABB1-F1C7EFD55367}.Debug|Any CPU.Build.0 = Debug|Any CPU
		{9F1717CD-2ACF-4988-ABB1-F1C7EFD55367}.Debug|x64.ActiveCfg = Debug|Any CPU
		{9F1717CD-2ACF-4988-ABB1-F1C7EFD55367}.Debug|x64.Build.0 = Debug|Any CPU
		{9F1717CD-2ACF-4988-ABB1-F1C7EFD55367}.Release|Any CPU.ActiveCfg = Release|Any CPU
		{9F1717CD-2ACF-4988-ABB1-F1C7EFD55367}.Release|Any CPU.Build.0 = Release|Any CPU
		{9F1717CD-2ACF-4988-ABB1-F1C7EFD55367}.Release|x64.ActiveCfg = Release|Any CPU
		{9F1717CD-2ACF-4988-ABB1-F1C7EFD55367}.Release|x64.Build.0 = Release|Any CPU
		{CC031D22-2527-4941-82E5-F1426280A355}.Debug|Any CPU.ActiveCfg = Debug|Any CPU
		{CC031D22-2527-4941-82E5-F1426280A355}.Debug|Any CPU.Build.0 = Debug|Any CPU
		{CC031D22-2527-4941-82E5-F1426280A355}.Debug|x64.ActiveCfg = Debug|Any CPU
		{CC031D22-2527-4941-82E5-F1426280A355}.Debug|x64.Build.0 = Debug|Any CPU
		{CC031D22-2527-4941-82E5-F1426280A355}.Release|Any CPU.ActiveCfg = Release|Any CPU
		{CC031D22-2527-4941-82E5-F1426280A355}.Release|Any CPU.Build.0 = Release|Any CPU
		{CC031D22-2527-4941-82E5-F1426280A355}.Release|x64.ActiveCfg = Release|Any CPU
		{CC031D22-2527-4941-82E5-F1426280A355}.Release|x64.Build.0 = Release|Any CPU
		{C7CB397D-C973-454C-BD8E-E8C638D29855}.Debug|Any CPU.ActiveCfg = Debug|Any CPU
		{C7CB397D-C973-454C-BD8E-E8C638D29855}.Debug|Any CPU.Build.0 = Debug|Any CPU
		{C7CB397D-C973-454C-BD8E-E8C638D29855}.Debug|x64.ActiveCfg = Debug|Any CPU
		{C7CB397D-C973-454C-BD8E-E8C638D29855}.Debug|x64.Build.0 = Debug|Any CPU
		{C7CB397D-C973-454C-BD8E-E8C638D29855}.Release|Any CPU.ActiveCfg = Release|Any CPU
		{C7CB397D-C973-454C-BD8E-E8C638D29855}.Release|Any CPU.Build.0 = Release|Any CPU
		{C7CB397D-C973-454C-BD8E-E8C638D29855}.Release|x64.ActiveCfg = Release|Any CPU
		{C7CB397D-C973-454C-BD8E-E8C638D29855}.Release|x64.Build.0 = Release|Any CPU
		{136C0571-A1F9-43DA-8768-25EF0FBE6F2A}.Debug|Any CPU.ActiveCfg = Debug|Any CPU
		{136C0571-A1F9-43DA-8768-25EF0FBE6F2A}.Debug|Any CPU.Build.0 = Debug|Any CPU
		{136C0571-A1F9-43DA-8768-25EF0FBE6F2A}.Debug|x64.ActiveCfg = Debug|Any CPU
		{136C0571-A1F9-43DA-8768-25EF0FBE6F2A}.Debug|x64.Build.0 = Debug|Any CPU
		{136C0571-A1F9-43DA-8768-25EF0FBE6F2A}.Release|Any CPU.ActiveCfg = Release|Any CPU
		{136C0571-A1F9-43DA-8768-25EF0FBE6F2A}.Release|Any CPU.Build.0 = Release|Any CPU
		{136C0571-A1F9-43DA-8768-25EF0FBE6F2A}.Release|x64.ActiveCfg = Release|Any CPU
		{136C0571-A1F9-43DA-8768-25EF0FBE6F2A}.Release|x64.Build.0 = Release|Any CPU
		{FE6DC6F0-3E35-47BC-B6DF-570648396AF9}.Debug|Any CPU.ActiveCfg = Debug|Any CPU
		{FE6DC6F0-3E35-47BC-B6DF-570648396AF9}.Debug|Any CPU.Build.0 = Debug|Any CPU
		{FE6DC6F0-3E35-47BC-B6DF-570648396AF9}.Debug|x64.ActiveCfg = Debug|Any CPU
		{FE6DC6F0-3E35-47BC-B6DF-570648396AF9}.Debug|x64.Build.0 = Debug|Any CPU
		{FE6DC6F0-3E35-47BC-B6DF-570648396AF9}.Release|Any CPU.ActiveCfg = Release|Any CPU
		{FE6DC6F0-3E35-47BC-B6DF-570648396AF9}.Release|Any CPU.Build.0 = Release|Any CPU
		{FE6DC6F0-3E35-47BC-B6DF-570648396AF9}.Release|x64.ActiveCfg = Release|Any CPU
		{FE6DC6F0-3E35-47BC-B6DF-570648396AF9}.Release|x64.Build.0 = Release|Any CPU
		{3A5AB273-05A0-4A0B-9F5C-97EC6D493DC3}.Debug|Any CPU.ActiveCfg = Debug|Any CPU
		{3A5AB273-05A0-4A0B-9F5C-97EC6D493DC3}.Debug|Any CPU.Build.0 = Debug|Any CPU
		{3A5AB273-05A0-4A0B-9F5C-97EC6D493DC3}.Debug|x64.ActiveCfg = Debug|Any CPU
		{3A5AB273-05A0-4A0B-9F5C-97EC6D493DC3}.Debug|x64.Build.0 = Debug|Any CPU
		{3A5AB273-05A0-4A0B-9F5C-97EC6D493DC3}.Release|Any CPU.ActiveCfg = Release|Any CPU
		{3A5AB273-05A0-4A0B-9F5C-97EC6D493DC3}.Release|Any CPU.Build.0 = Release|Any CPU
		{3A5AB273-05A0-4A0B-9F5C-97EC6D493DC3}.Release|x64.ActiveCfg = Release|Any CPU
		{3A5AB273-05A0-4A0B-9F5C-97EC6D493DC3}.Release|x64.Build.0 = Release|Any CPU
		{8B7802D2-643D-4ADC-996D-46710349C931}.Debug|Any CPU.ActiveCfg = Debug|Any CPU
		{8B7802D2-643D-4ADC-996D-46710349C931}.Debug|Any CPU.Build.0 = Debug|Any CPU
		{8B7802D2-643D-4ADC-996D-46710349C931}.Debug|x64.ActiveCfg = Debug|x64
		{8B7802D2-643D-4ADC-996D-46710349C931}.Debug|x64.Build.0 = Debug|x64
		{8B7802D2-643D-4ADC-996D-46710349C931}.Release|Any CPU.ActiveCfg = Release|Any CPU
		{8B7802D2-643D-4ADC-996D-46710349C931}.Release|Any CPU.Build.0 = Release|Any CPU
		{8B7802D2-643D-4ADC-996D-46710349C931}.Release|x64.ActiveCfg = Release|x64
		{8B7802D2-643D-4ADC-996D-46710349C931}.Release|x64.Build.0 = Release|x64
		{4B8E59DD-94D6-4960-ACE7-9B2BA828E24D}.Debug|Any CPU.ActiveCfg = Debug|Any CPU
		{4B8E59DD-94D6-4960-ACE7-9B2BA828E24D}.Debug|Any CPU.Build.0 = Debug|Any CPU
		{4B8E59DD-94D6-4960-ACE7-9B2BA828E24D}.Debug|x64.ActiveCfg = Debug|Any CPU
		{4B8E59DD-94D6-4960-ACE7-9B2BA828E24D}.Debug|x64.Build.0 = Debug|Any CPU
		{4B8E59DD-94D6-4960-ACE7-9B2BA828E24D}.Release|Any CPU.ActiveCfg = Release|Any CPU
		{4B8E59DD-94D6-4960-ACE7-9B2BA828E24D}.Release|Any CPU.Build.0 = Release|Any CPU
		{4B8E59DD-94D6-4960-ACE7-9B2BA828E24D}.Release|x64.ActiveCfg = Release|Any CPU
		{4B8E59DD-94D6-4960-ACE7-9B2BA828E24D}.Release|x64.Build.0 = Release|Any CPU
		{4B670612-484D-42CE-9592-DA13F7D86386}.Debug|Any CPU.ActiveCfg = Debug|Any CPU
		{4B670612-484D-42CE-9592-DA13F7D86386}.Debug|Any CPU.Build.0 = Debug|Any CPU
		{4B670612-484D-42CE-9592-DA13F7D86386}.Debug|x64.ActiveCfg = Debug|Any CPU
		{4B670612-484D-42CE-9592-DA13F7D86386}.Debug|x64.Build.0 = Debug|Any CPU
		{4B670612-484D-42CE-9592-DA13F7D86386}.Release|Any CPU.ActiveCfg = Release|Any CPU
		{4B670612-484D-42CE-9592-DA13F7D86386}.Release|Any CPU.Build.0 = Release|Any CPU
		{4B670612-484D-42CE-9592-DA13F7D86386}.Release|x64.ActiveCfg = Release|Any CPU
		{4B670612-484D-42CE-9592-DA13F7D86386}.Release|x64.Build.0 = Release|Any CPU
		{84719E77-CEEE-4895-B03F-A15B4A9E4AB4}.Debug|Any CPU.ActiveCfg = Debug|Any CPU
		{84719E77-CEEE-4895-B03F-A15B4A9E4AB4}.Debug|Any CPU.Build.0 = Debug|Any CPU
		{84719E77-CEEE-4895-B03F-A15B4A9E4AB4}.Debug|x64.ActiveCfg = Debug|Any CPU
		{84719E77-CEEE-4895-B03F-A15B4A9E4AB4}.Debug|x64.Build.0 = Debug|Any CPU
		{84719E77-CEEE-4895-B03F-A15B4A9E4AB4}.Release|Any CPU.ActiveCfg = Release|Any CPU
		{84719E77-CEEE-4895-B03F-A15B4A9E4AB4}.Release|Any CPU.Build.0 = Release|Any CPU
		{84719E77-CEEE-4895-B03F-A15B4A9E4AB4}.Release|x64.ActiveCfg = Release|Any CPU
		{84719E77-CEEE-4895-B03F-A15B4A9E4AB4}.Release|x64.Build.0 = Release|Any CPU
		{70C055AC-2447-4C43-B239-83AE9210552E}.Debug|Any CPU.ActiveCfg = Debug|Any CPU
		{70C055AC-2447-4C43-B239-83AE9210552E}.Debug|Any CPU.Build.0 = Debug|Any CPU
		{70C055AC-2447-4C43-B239-83AE9210552E}.Debug|x64.ActiveCfg = Debug|Any CPU
		{70C055AC-2447-4C43-B239-83AE9210552E}.Debug|x64.Build.0 = Debug|Any CPU
		{70C055AC-2447-4C43-B239-83AE9210552E}.Release|Any CPU.ActiveCfg = Release|Any CPU
		{70C055AC-2447-4C43-B239-83AE9210552E}.Release|Any CPU.Build.0 = Release|Any CPU
		{70C055AC-2447-4C43-B239-83AE9210552E}.Release|x64.ActiveCfg = Release|Any CPU
		{70C055AC-2447-4C43-B239-83AE9210552E}.Release|x64.Build.0 = Release|Any CPU
		{BF32A6E4-BC29-4357-9E2E-A4DCC8BC577F}.Debug|Any CPU.ActiveCfg = Debug|Any CPU
		{BF32A6E4-BC29-4357-9E2E-A4DCC8BC577F}.Debug|Any CPU.Build.0 = Debug|Any CPU
		{BF32A6E4-BC29-4357-9E2E-A4DCC8BC577F}.Debug|x64.ActiveCfg = Debug|Any CPU
		{BF32A6E4-BC29-4357-9E2E-A4DCC8BC577F}.Debug|x64.Build.0 = Debug|Any CPU
		{BF32A6E4-BC29-4357-9E2E-A4DCC8BC577F}.Release|Any CPU.ActiveCfg = Release|Any CPU
		{BF32A6E4-BC29-4357-9E2E-A4DCC8BC577F}.Release|Any CPU.Build.0 = Release|Any CPU
		{BF32A6E4-BC29-4357-9E2E-A4DCC8BC577F}.Release|x64.ActiveCfg = Release|Any CPU
		{BF32A6E4-BC29-4357-9E2E-A4DCC8BC577F}.Release|x64.Build.0 = Release|Any CPU
		{9FA715AB-99BC-4367-9421-2598C297FC09}.Debug|Any CPU.ActiveCfg = Debug|Any CPU
		{9FA715AB-99BC-4367-9421-2598C297FC09}.Debug|Any CPU.Build.0 = Debug|Any CPU
		{9FA715AB-99BC-4367-9421-2598C297FC09}.Debug|x64.ActiveCfg = Debug|Any CPU
		{9FA715AB-99BC-4367-9421-2598C297FC09}.Debug|x64.Build.0 = Debug|Any CPU
		{9FA715AB-99BC-4367-9421-2598C297FC09}.Release|Any CPU.ActiveCfg = Release|Any CPU
		{9FA715AB-99BC-4367-9421-2598C297FC09}.Release|Any CPU.Build.0 = Release|Any CPU
		{9FA715AB-99BC-4367-9421-2598C297FC09}.Release|x64.ActiveCfg = Release|Any CPU
		{9FA715AB-99BC-4367-9421-2598C297FC09}.Release|x64.Build.0 = Release|Any CPU
		{0CB92A45-2378-4526-85A6-B338F12C5DA2}.Debug|Any CPU.ActiveCfg = Debug|Any CPU
		{0CB92A45-2378-4526-85A6-B338F12C5DA2}.Debug|Any CPU.Build.0 = Debug|Any CPU
		{0CB92A45-2378-4526-85A6-B338F12C5DA2}.Debug|x64.ActiveCfg = Debug|Any CPU
		{0CB92A45-2378-4526-85A6-B338F12C5DA2}.Debug|x64.Build.0 = Debug|Any CPU
		{0CB92A45-2378-4526-85A6-B338F12C5DA2}.Release|Any CPU.ActiveCfg = Release|Any CPU
		{0CB92A45-2378-4526-85A6-B338F12C5DA2}.Release|Any CPU.Build.0 = Release|Any CPU
		{0CB92A45-2378-4526-85A6-B338F12C5DA2}.Release|x64.ActiveCfg = Release|Any CPU
		{0CB92A45-2378-4526-85A6-B338F12C5DA2}.Release|x64.Build.0 = Release|Any CPU
		{9B085103-B3AD-472A-8B95-BD5CB4985E32}.Debug|Any CPU.ActiveCfg = Debug|Any CPU
		{9B085103-B3AD-472A-8B95-BD5CB4985E32}.Debug|Any CPU.Build.0 = Debug|Any CPU
		{9B085103-B3AD-472A-8B95-BD5CB4985E32}.Debug|x64.ActiveCfg = Debug|Any CPU
		{9B085103-B3AD-472A-8B95-BD5CB4985E32}.Debug|x64.Build.0 = Debug|Any CPU
		{9B085103-B3AD-472A-8B95-BD5CB4985E32}.Release|Any CPU.ActiveCfg = Release|Any CPU
		{9B085103-B3AD-472A-8B95-BD5CB4985E32}.Release|Any CPU.Build.0 = Release|Any CPU
		{9B085103-B3AD-472A-8B95-BD5CB4985E32}.Release|x64.ActiveCfg = Release|Any CPU
		{9B085103-B3AD-472A-8B95-BD5CB4985E32}.Release|x64.Build.0 = Release|Any CPU
		{C6E03F3C-2113-4FED-A69F-58C1EE1D0394}.Debug|Any CPU.ActiveCfg = Debug|Any CPU
		{C6E03F3C-2113-4FED-A69F-58C1EE1D0394}.Debug|Any CPU.Build.0 = Debug|Any CPU
		{C6E03F3C-2113-4FED-A69F-58C1EE1D0394}.Debug|x64.ActiveCfg = Debug|Any CPU
		{C6E03F3C-2113-4FED-A69F-58C1EE1D0394}.Debug|x64.Build.0 = Debug|Any CPU
		{C6E03F3C-2113-4FED-A69F-58C1EE1D0394}.Release|Any CPU.ActiveCfg = Release|Any CPU
		{C6E03F3C-2113-4FED-A69F-58C1EE1D0394}.Release|Any CPU.Build.0 = Release|Any CPU
		{C6E03F3C-2113-4FED-A69F-58C1EE1D0394}.Release|x64.ActiveCfg = Release|Any CPU
		{C6E03F3C-2113-4FED-A69F-58C1EE1D0394}.Release|x64.Build.0 = Release|Any CPU
		{1B3699FB-8E75-4F22-B026-F11C154537BB}.Debug|Any CPU.ActiveCfg = Debug|Any CPU
		{1B3699FB-8E75-4F22-B026-F11C154537BB}.Debug|Any CPU.Build.0 = Debug|Any CPU
		{1B3699FB-8E75-4F22-B026-F11C154537BB}.Debug|x64.ActiveCfg = Debug|Any CPU
		{1B3699FB-8E75-4F22-B026-F11C154537BB}.Debug|x64.Build.0 = Debug|Any CPU
		{1B3699FB-8E75-4F22-B026-F11C154537BB}.Release|Any CPU.ActiveCfg = Release|Any CPU
		{1B3699FB-8E75-4F22-B026-F11C154537BB}.Release|Any CPU.Build.0 = Release|Any CPU
		{1B3699FB-8E75-4F22-B026-F11C154537BB}.Release|x64.ActiveCfg = Release|Any CPU
		{1B3699FB-8E75-4F22-B026-F11C154537BB}.Release|x64.Build.0 = Release|Any CPU
		{8876FDD1-0D23-4921-969C-DB24B077C784}.Debug|Any CPU.ActiveCfg = Debug|Any CPU
		{8876FDD1-0D23-4921-969C-DB24B077C784}.Debug|Any CPU.Build.0 = Debug|Any CPU
		{8876FDD1-0D23-4921-969C-DB24B077C784}.Debug|x64.ActiveCfg = Debug|Any CPU
		{8876FDD1-0D23-4921-969C-DB24B077C784}.Debug|x64.Build.0 = Debug|Any CPU
		{8876FDD1-0D23-4921-969C-DB24B077C784}.Release|Any CPU.ActiveCfg = Release|Any CPU
		{8876FDD1-0D23-4921-969C-DB24B077C784}.Release|Any CPU.Build.0 = Release|Any CPU
		{8876FDD1-0D23-4921-969C-DB24B077C784}.Release|x64.ActiveCfg = Release|Any CPU
		{8876FDD1-0D23-4921-969C-DB24B077C784}.Release|x64.Build.0 = Release|Any CPU
	EndGlobalSection
	GlobalSection(SolutionProperties) = preSolution
		HideSolutionNode = FALSE
	EndGlobalSection
	GlobalSection(NestedProjects) = preSolution
		{5746C135-F333-4BF6-9699-335487DFA02D} = {3A01E0F9-15A4-4118-A9FC-C8DEFFF92B95}
		{8DC692F0-5F18-42F6-B71A-E37117B722C1} = {3A01E0F9-15A4-4118-A9FC-C8DEFFF92B95}
		{9F1717CD-2ACF-4988-ABB1-F1C7EFD55367} = {3A01E0F9-15A4-4118-A9FC-C8DEFFF92B95}
		{CC031D22-2527-4941-82E5-F1426280A355} = {3A01E0F9-15A4-4118-A9FC-C8DEFFF92B95}
		{C7CB397D-C973-454C-BD8E-E8C638D29855} = {3A01E0F9-15A4-4118-A9FC-C8DEFFF92B95}
		{136C0571-A1F9-43DA-8768-25EF0FBE6F2A} = {3A01E0F9-15A4-4118-A9FC-C8DEFFF92B95}
		{FE6DC6F0-3E35-47BC-B6DF-570648396AF9} = {3A01E0F9-15A4-4118-A9FC-C8DEFFF92B95}
		{3A5AB273-05A0-4A0B-9F5C-97EC6D493DC3} = {3A01E0F9-15A4-4118-A9FC-C8DEFFF92B95}
		{8B7802D2-643D-4ADC-996D-46710349C931} = {3A01E0F9-15A4-4118-A9FC-C8DEFFF92B95}
		{4B8E59DD-94D6-4960-ACE7-9B2BA828E24D} = {3A01E0F9-15A4-4118-A9FC-C8DEFFF92B95}
		{4B670612-484D-42CE-9592-DA13F7D86386} = {3A01E0F9-15A4-4118-A9FC-C8DEFFF92B95}
		{84719E77-CEEE-4895-B03F-A15B4A9E4AB4} = {3A01E0F9-15A4-4118-A9FC-C8DEFFF92B95}
		{70C055AC-2447-4C43-B239-83AE9210552E} = {3A01E0F9-15A4-4118-A9FC-C8DEFFF92B95}
		{BF32A6E4-BC29-4357-9E2E-A4DCC8BC577F} = {3A01E0F9-15A4-4118-A9FC-C8DEFFF92B95}
		{9FA715AB-99BC-4367-9421-2598C297FC09} = {3A01E0F9-15A4-4118-A9FC-C8DEFFF92B95}
		{0CB92A45-2378-4526-85A6-B338F12C5DA2} = {3A01E0F9-15A4-4118-A9FC-C8DEFFF92B95}
		{9B085103-B3AD-472A-8B95-BD5CB4985E32} = {3A01E0F9-15A4-4118-A9FC-C8DEFFF92B95}
		{C6E03F3C-2113-4FED-A69F-58C1EE1D0394} = {3A01E0F9-15A4-4118-A9FC-C8DEFFF92B95}
		{1B3699FB-8E75-4F22-B026-F11C154537BB} = {3A01E0F9-15A4-4118-A9FC-C8DEFFF92B95}
		{8876FDD1-0D23-4921-969C-DB24B077C784} = {3A01E0F9-15A4-4118-A9FC-C8DEFFF92B95}
	EndGlobalSection
	GlobalSection(ExtensibilityGlobals) = postSolution
		SolutionGuid = {BC78EF70-A691-480F-BFEC-724362FA5597}
	EndGlobalSection
EndGlobal
